
Microsoft Visual Studio Solution File, Format Version 12.00
# Visual Studio 15
VisualStudioVersion = 15.0.27703.2042
MinimumVisualStudioVersion = 10.0.40219.1
Project("{2150E333-8FDC-42A3-9474-1A3956D46DE8}") = "src", "src", "{0D1F4DC5-FF90-4A1A-A774-6D36797D4F98}"
EndProject
Project("{FAE04EC0-301F-11D3-BF4B-00C04F79EFBC}") = "Rsk.IdentityServer.Migration", "src\Rsk.IdentityServer.Migration\Rsk.IdentityServer.Migration.csproj", "{B1E0C4DA-D1D1-4396-95B2-382788DDF1C2}"
EndProject
Global
	GlobalSection(SolutionConfigurationPlatforms) = preSolution
		Debug|Any CPU = Debug|Any CPU
		Release|Any CPU = Release|Any CPU
	EndGlobalSection
	GlobalSection(ProjectConfigurationPlatforms) = postSolution
		{B1E0C4DA-D1D1-4396-95B2-382788DDF1C2}.Debug|Any CPU.ActiveCfg = Debug|Any CPU
		{B1E0C4DA-D1D1-4396-95B2-382788DDF1C2}.Debug|Any CPU.Build.0 = Debug|Any CPU
		{B1E0C4DA-D1D1-4396-95B2-382788DDF1C2}.Release|Any CPU.ActiveCfg = Release|Any CPU
		{B1E0C4DA-D1D1-4396-95B2-382788DDF1C2}.Release|Any CPU.Build.0 = Release|Any CPU
	EndGlobalSection
	GlobalSection(SolutionProperties) = preSolution
		HideSolutionNode = FALSE
	EndGlobalSection
	GlobalSection(NestedProjects) = preSolution
		{B1E0C4DA-D1D1-4396-95B2-382788DDF1C2} = {0D1F4DC5-FF90-4A1A-A774-6D36797D4F98}
	EndGlobalSection
	GlobalSection(ExtensibilityGlobals) = postSolution
		SolutionGuid = {B52F38FC-1BB2-4424-8E14-EBC0E50E6EE3}
	EndGlobalSection
EndGlobal
